
Microsoft Visual Studio Solution File, Format Version 12.00
# Visual Studio Version 17
VisualStudioVersion = 17.0.32014.148
MinimumVisualStudioVersion = 10.0.40219.1
Project("{FAE04EC0-301F-11D3-BF4B-00C04F79EFBC}") = "ViewBot", "ViewBot\ViewBot.csproj", "{05B6DBFD-D876-42A0-AE96-B25E67FFB38F}"
EndProject
Global
	GlobalSection(SolutionConfigurationPlatforms) = preSolution
		Debug|Any CPU = Debug|Any CPU
		Release|Any CPU = Release|Any CPU
	EndGlobalSection
	GlobalSection(ProjectConfigurationPlatforms) = postSolution
		{05B6DBFD-D876-42A0-AE96-B25E67FFB38F}.Debug|Any CPU.ActiveCfg = Debug|Any CPU
		{05B6DBFD-D876-42A0-AE96-B25E67FFB38F}.Debug|Any CPU.Build.0 = Debug|Any CPU
		{05B6DBFD-D876-42A0-AE96-B25E67FFB38F}.Release|Any CPU.ActiveCfg = Release|Any CPU
		{05B6DBFD-D876-42A0-AE96-B25E67FFB38F}.Release|Any CPU.Build.0 = Release|Any CPU
	EndGlobalSection
	GlobalSection(SolutionProperties) = preSolution
		HideSolutionNode = FALSE
	EndGlobalSection
	GlobalSection(ExtensibilityGlobals) = postSolution
		SolutionGuid = {402AD5C9-F7B1-49D8-BC27-AF7B4BFD8F90}
	EndGlobalSection
EndGlobal
